
Microsoft Visual Studio Solution File, Format Version 12.00
# Visual Studio Version 17
VisualStudioVersion = 17.12.35527.113
MinimumVisualStudioVersion = 10.0.40219.1
Project("{FAE04EC0-301F-11D3-BF4B-00C04F79EFBC}") = "SmartSaleApi", "SmartSaleApi\SmartSaleApi.csproj", "{3436BA35-7436-429B-A83E-37947462CC4F}"
EndProject
Project("{FAE04EC0-301F-11D3-BF4B-00C04F79EFBC}") = "SmartSaleApi.DAL", "SmartSaleApi.DAL\SmartSaleApi.DAL.csproj", "{38AE2046-2F39-4F8E-85B5-850CB7EF5D41}"
EndProject
Project("{FAE04EC0-301F-11D3-BF4B-00C04F79EFBC}") = "SmartSaleApi.Core", "SmartSaleApi.Core\SmartSaleApi.Core.csproj", "{58AFF09A-0FA6-4E6F-89A2-7701055AE9BF}"
EndProject
Project("{FAE04EC0-301F-11D3-BF4B-00C04F79EFBC}") = "SmartSaleApi.Application", "SmartSaleApi.Application\SmartSaleApi.Application.csproj", "{FF91C525-FC08-F3FB-680D-812E0B10B102}"
EndProject
Global
	GlobalSection(SolutionConfigurationPlatforms) = preSolution
		Debug|Any CPU = Debug|Any CPU
		Release|Any CPU = Release|Any CPU
	EndGlobalSection
	GlobalSection(ProjectConfigurationPlatforms) = postSolution
		{3436BA35-7436-429B-A83E-37947462CC4F}.Debug|Any CPU.ActiveCfg = Debug|Any CPU
		{3436BA35-7436-429B-A83E-37947462CC4F}.Debug|Any CPU.Build.0 = Debug|Any CPU
		{3436BA35-7436-429B-A83E-37947462CC4F}.Release|Any CPU.ActiveCfg = Release|Any CPU
		{3436BA35-7436-429B-A83E-37947462CC4F}.Release|Any CPU.Build.0 = Release|Any CPU
		{38AE2046-2F39-4F8E-85B5-850CB7EF5D41}.Debug|Any CPU.ActiveCfg = Debug|Any CPU
		{38AE2046-2F39-4F8E-85B5-850CB7EF5D41}.Debug|Any CPU.Build.0 = Debug|Any CPU
		{38AE2046-2F39-4F8E-85B5-850CB7EF5D41}.Release|Any CPU.ActiveCfg = Release|Any CPU
		{38AE2046-2F39-4F8E-85B5-850CB7EF5D41}.Release|Any CPU.Build.0 = Release|Any CPU
		{58AFF09A-0FA6-4E6F-89A2-7701055AE9BF}.Debug|Any CPU.ActiveCfg = Debug|Any CPU
		{58AFF09A-0FA6-4E6F-89A2-7701055AE9BF}.Debug|Any CPU.Build.0 = Debug|Any CPU
		{58AFF09A-0FA6-4E6F-89A2-7701055AE9BF}.Release|Any CPU.ActiveCfg = Release|Any CPU
		{58AFF09A-0FA6-4E6F-89A2-7701055AE9BF}.Release|Any CPU.Build.0 = Release|Any CPU
		{FF91C525-FC08-F3FB-680D-812E0B10B102}.Debug|Any CPU.ActiveCfg = Debug|Any CPU
		{FF91C525-FC08-F3FB-680D-812E0B10B102}.Debug|Any CPU.Build.0 = Debug|Any CPU
		{FF91C525-FC08-F3FB-680D-812E0B10B102}.Release|Any CPU.ActiveCfg = Release|Any CPU
		{FF91C525-FC08-F3FB-680D-812E0B10B102}.Release|Any CPU.Build.0 = Release|Any CPU
	EndGlobalSection
	GlobalSection(SolutionProperties) = preSolution
		HideSolutionNode = FALSE
	EndGlobalSection
EndGlobal
